
Microsoft Visual Studio Solution File, Format Version 12.00
# Visual Studio Version 16
VisualStudioVersion = 16.0.29613.14
MinimumVisualStudioVersion = 10.0.40219.1
Project("{FAE04EC0-301F-11D3-BF4B-00C04F79EFBC}") = "PoP_Assignment_BORDAS_Alexandre", "PoP_Assignment_BORDAS_Alexandre.csproj", "{08D70766-BE1B-459F-8151-391FF1B80905}"
EndProject
Global
	GlobalSection(SolutionConfigurationPlatforms) = preSolution
		Debug|Any CPU = Debug|Any CPU
		Release|Any CPU = Release|Any CPU
	EndGlobalSection
	GlobalSection(ProjectConfigurationPlatforms) = postSolution
		{08D70766-BE1B-459F-8151-391FF1B80905}.Debug|Any CPU.ActiveCfg = Debug|Any CPU
		{08D70766-BE1B-459F-8151-391FF1B80905}.Debug|Any CPU.Build.0 = Debug|Any CPU
		{08D70766-BE1B-459F-8151-391FF1B80905}.Release|Any CPU.ActiveCfg = Release|Any CPU
		{08D70766-BE1B-459F-8151-391FF1B80905}.Release|Any CPU.Build.0 = Release|Any CPU
	EndGlobalSection
	GlobalSection(SolutionProperties) = preSolution
		HideSolutionNode = FALSE
	EndGlobalSection
	GlobalSection(ExtensibilityGlobals) = postSolution
		SolutionGuid = {618D00B9-8E59-4C52-B141-12249CB06A8A}
	EndGlobalSection
EndGlobal
